// !$*UTF8*$!
{
	archiveVersion = 1;
	classes = {
	};
	objectVersion = 46;
	objects = {

/* Begin PBXBuildFile section */
		101A56041DF24A3000646B6D /* Assets.xcassets in Resources */ = {isa = PBXBuildFile; fileRef = 101A56031DF24A3000646B6D /* Assets.xcassets */; };
		101A560B1DF24A3000646B6D /* MessagesExtension.appex in Embed App Extensions */ = {isa = PBXBuildFile; fileRef = 101A560A1DF24A3000646B6D /* MessagesExtension.appex */; settings = {ATTRIBUTES = (RemoveHeadersOnCopy, ); }; };
		101A56101DF24A3000646B6D /* Messages.framework in Frameworks */ = {isa = PBXBuildFile; fileRef = 101A560F1DF24A3000646B6D /* Messages.framework */; };
		101A56131DF24A3000646B6D /* MessagesViewController.swift in Sources */ = {isa = PBXBuildFile; fileRef = 101A56121DF24A3000646B6D /* MessagesViewController.swift */; };
		101A56161DF24A3000646B6D /* MainInterface.storyboard in Resources */ = {isa = PBXBuildFile; fileRef = 101A56141DF24A3000646B6D /* MainInterface.storyboard */; };
		101A56181DF24A3000646B6D /* Assets.xcassets in Resources */ = {isa = PBXBuildFile; fileRef = 101A56171DF24A3000646B6D /* Assets.xcassets */; };
		101A56271DF24A7800646B6D /* ExpandedVC.swift in Sources */ = {isa = PBXBuildFile; fileRef = 101A56261DF24A7800646B6D /* ExpandedVC.swift */; };
		103DF29A1DFDA94B00372998 /* Player.swift in Sources */ = {isa = PBXBuildFile; fileRef = 103DF2991DFDA94B00372998 /* Player.swift */; };
		104E0B6E1E0AB5AD00391AA7 /* HelperButton.swift in Sources */ = {isa = PBXBuildFile; fileRef = 104E0B6D1E0AB5AD00391AA7 /* HelperButton.swift */; };
		1064B07F1E0C62F70065E6C4 /* GameOver.xib in Resources */ = {isa = PBXBuildFile; fileRef = 1064B07E1E0C62F70065E6C4 /* GameOver.xib */; };
		1064B0811E0C690E0065E6C4 /* GameOverView.swift in Sources */ = {isa = PBXBuildFile; fileRef = 1064B0801E0C690E0065E6C4 /* GameOverView.swift */; };
		106A21F21DF621D000904258 /* Word.swift in Sources */ = {isa = PBXBuildFile; fileRef = 106A21F11DF621D000904258 /* Word.swift */; };
		10775F5A1DF8C41200B20B98 /* CompactVC.swift in Sources */ = {isa = PBXBuildFile; fileRef = 10775F591DF8C41200B20B98 /* CompactVC.swift */; };
		10775F5D1DF8C4CD00B20B98 /* Protocols.swift in Sources */ = {isa = PBXBuildFile; fileRef = 10775F5C1DF8C4CD00B20B98 /* Protocols.swift */; };
		108043FC1DF9BC91009220AD /* Game.swift in Sources */ = {isa = PBXBuildFile; fileRef = 108043FB1DF9BC91009220AD /* Game.swift */; };
		10836C701E156CBF00517D2A /* utils.swift in Sources */ = {isa = PBXBuildFile; fileRef = 10836C6F1E156CBF00517D2A /* utils.swift */; };
		108DEF661E1408DF00FFCC52 /* ColorGradient.swift in Sources */ = {isa = PBXBuildFile; fileRef = 108DEF651E1408DF00FFCC52 /* ColorGradient.swift */; };
		109136391E01926800F6CDFC /* LetterButton.swift in Sources */ = {isa = PBXBuildFile; fileRef = 109136381E01926800F6CDFC /* LetterButton.swift */; };
		1098277F1DF6FEDA00D56002 /* NetworkRequest.swift in Sources */ = {isa = PBXBuildFile; fileRef = 1098277E1DF6FEDA00D56002 /* NetworkRequest.swift */; };
		109827831DF7163900D56002 /* starterWords.txt in Resources */ = {isa = PBXBuildFile; fileRef = 109827821DF7163900D56002 /* starterWords.txt */; };
		10B03FD81DF4859C0055DE8C /* WordsAPI.swift in Sources */ = {isa = PBXBuildFile; fileRef = 10B03FD71DF4859C0055DE8C /* WordsAPI.swift */; };
/* End PBXBuildFile section */

/* Begin PBXContainerItemProxy section */
		101A560C1DF24A3000646B6D /* PBXContainerItemProxy */ = {
			isa = PBXContainerItemProxy;
			containerPortal = 101A55FA1DF24A2F00646B6D /* Project object */;
			proxyType = 1;
			remoteGlobalIDString = 101A56091DF24A3000646B6D;
			remoteInfo = MessagesExtension;
		};
/* End PBXContainerItemProxy section */

/* Begin PBXCopyFilesBuildPhase section */
		101A561F1DF24A3000646B6D /* Embed App Extensions */ = {
			isa = PBXCopyFilesBuildPhase;
			buildActionMask = 2147483647;
			dstPath = "";
			dstSubfolderSpec = 13;
			files = (
				101A560B1DF24A3000646B6D /* MessagesExtension.appex in Embed App Extensions */,
			);
			name = "Embed App Extensions";
			runOnlyForDeploymentPostprocessing = 0;
		};
/* End PBXCopyFilesBuildPhase section */

/* Begin PBXFileReference section */
		101A56001DF24A3000646B6D /* Swapr.app */ = {isa = PBXFileReference; explicitFileType = wrapper.application; includeInIndex = 0; path = Swapr.app; sourceTree = BUILT_PRODUCTS_DIR; };
		101A56031DF24A3000646B6D /* Assets.xcassets */ = {isa = PBXFileReference; lastKnownFileType = folder.assetcatalog; path = Assets.xcassets; sourceTree = "<group>"; };
		101A56051DF24A3000646B6D /* Info.plist */ = {isa = PBXFileReference; lastKnownFileType = text.plist.xml; path = Info.plist; sourceTree = "<group>"; };
		101A560A1DF24A3000646B6D /* MessagesExtension.appex */ = {isa = PBXFileReference; explicitFileType = "wrapper.app-extension"; includeInIndex = 0; path = MessagesExtension.appex; sourceTree = BUILT_PRODUCTS_DIR; };
		101A560F1DF24A3000646B6D /* Messages.framework */ = {isa = PBXFileReference; lastKnownFileType = wrapper.framework; name = Messages.framework; path = System/Library/Frameworks/Messages.framework; sourceTree = SDKROOT; };
		101A56121DF24A3000646B6D /* MessagesViewController.swift */ = {isa = PBXFileReference; lastKnownFileType = sourcecode.swift; path = MessagesViewController.swift; sourceTree = "<group>"; };
		101A56151DF24A3000646B6D /* Base */ = {isa = PBXFileReference; lastKnownFileType = file.storyboard; name = Base; path = Base.lproj/MainInterface.storyboard; sourceTree = "<group>"; };
		101A56171DF24A3000646B6D /* Assets.xcassets */ = {isa = PBXFileReference; lastKnownFileType = folder.assetcatalog; path = Assets.xcassets; sourceTree = "<group>"; };
		101A56191DF24A3000646B6D /* Info.plist */ = {isa = PBXFileReference; lastKnownFileType = text.plist.xml; path = Info.plist; sourceTree = "<group>"; };
		101A56261DF24A7800646B6D /* ExpandedVC.swift */ = {isa = PBXFileReference; fileEncoding = 4; lastKnownFileType = sourcecode.swift; path = ExpandedVC.swift; sourceTree = "<group>"; };
		103DF2991DFDA94B00372998 /* Player.swift */ = {isa = PBXFileReference; fileEncoding = 4; lastKnownFileType = sourcecode.swift; path = Player.swift; sourceTree = "<group>"; };
		104E0B6D1E0AB5AD00391AA7 /* HelperButton.swift */ = {isa = PBXFileReference; fileEncoding = 4; lastKnownFileType = sourcecode.swift; path = HelperButton.swift; sourceTree = "<group>"; };
		1064B07E1E0C62F70065E6C4 /* GameOver.xib */ = {isa = PBXFileReference; fileEncoding = 4; lastKnownFileType = file.xib; path = GameOver.xib; sourceTree = "<group>"; };
		1064B0801E0C690E0065E6C4 /* GameOverView.swift */ = {isa = PBXFileReference; fileEncoding = 4; lastKnownFileType = sourcecode.swift; path = GameOverView.swift; sourceTree = "<group>"; };
		106A21F11DF621D000904258 /* Word.swift */ = {isa = PBXFileReference; fileEncoding = 4; lastKnownFileType = sourcecode.swift; path = Word.swift; sourceTree = "<group>"; };
		10775F591DF8C41200B20B98 /* CompactVC.swift */ = {isa = PBXFileReference; fileEncoding = 4; lastKnownFileType = sourcecode.swift; path = CompactVC.swift; sourceTree = "<group>"; };
		10775F5C1DF8C4CD00B20B98 /* Protocols.swift */ = {isa = PBXFileReference; fileEncoding = 4; lastKnownFileType = sourcecode.swift; path = Protocols.swift; sourceTree = "<group>"; };
		108043FB1DF9BC91009220AD /* Game.swift */ = {isa = PBXFileReference; fileEncoding = 4; lastKnownFileType = sourcecode.swift; path = Game.swift; sourceTree = "<group>"; };
		10836C6F1E156CBF00517D2A /* utils.swift */ = {isa = PBXFileReference; fileEncoding = 4; lastKnownFileType = sourcecode.swift; path = utils.swift; sourceTree = "<group>"; };
		108DEF651E1408DF00FFCC52 /* ColorGradient.swift */ = {isa = PBXFileReference; fileEncoding = 4; lastKnownFileType = sourcecode.swift; path = ColorGradient.swift; sourceTree = "<group>"; };
		109136381E01926800F6CDFC /* LetterButton.swift */ = {isa = PBXFileReference; fileEncoding = 4; lastKnownFileType = sourcecode.swift; path = LetterButton.swift; sourceTree = "<group>"; };
		1098277E1DF6FEDA00D56002 /* NetworkRequest.swift */ = {isa = PBXFileReference; fileEncoding = 4; lastKnownFileType = sourcecode.swift; path = NetworkRequest.swift; sourceTree = "<group>"; };
		109827821DF7163900D56002 /* starterWords.txt */ = {isa = PBXFileReference; fileEncoding = 4; lastKnownFileType = text; path = starterWords.txt; sourceTree = "<group>"; };
		10B03FD71DF4859C0055DE8C /* WordsAPI.swift */ = {isa = PBXFileReference; fileEncoding = 4; lastKnownFileType = sourcecode.swift; path = WordsAPI.swift; sourceTree = "<group>"; };
/* End PBXFileReference section */

/* Begin PBXFrameworksBuildPhase section */
		101A56071DF24A3000646B6D /* Frameworks */ = {
			isa = PBXFrameworksBuildPhase;
			buildActionMask = 2147483647;
			files = (
				101A56101DF24A3000646B6D /* Messages.framework in Frameworks */,
			);
			runOnlyForDeploymentPostprocessing = 0;
		};
/* End PBXFrameworksBuildPhase section */

/* Begin PBXGroup section */
		101A55F91DF24A2F00646B6D = {
			isa = PBXGroup;
			children = (
				101A56021DF24A3000646B6D /* Swapr */,
				101A56111DF24A3000646B6D /* MessagesExtension */,
				101A560E1DF24A3000646B6D /* Frameworks */,
				101A56011DF24A3000646B6D /* Products */,
			);
			sourceTree = "<group>";
		};
		101A56011DF24A3000646B6D /* Products */ = {
			isa = PBXGroup;
			children = (
				101A56001DF24A3000646B6D /* Swapr.app */,
				101A560A1DF24A3000646B6D /* MessagesExtension.appex */,
			);
			name = Products;
			sourceTree = "<group>";
		};
		101A56021DF24A3000646B6D /* Swapr */ = {
			isa = PBXGroup;
			children = (
				101A56031DF24A3000646B6D /* Assets.xcassets */,
				101A56051DF24A3000646B6D /* Info.plist */,
			);
			path = Swapr;
			sourceTree = "<group>";
		};
		101A560E1DF24A3000646B6D /* Frameworks */ = {
			isa = PBXGroup;
			children = (
				101A560F1DF24A3000646B6D /* Messages.framework */,
			);
			name = Frameworks;
			sourceTree = "<group>";
		};
		101A56111DF24A3000646B6D /* MessagesExtension */ = {
			isa = PBXGroup;
			children = (
				10775F5B1DF8C4BF00B20B98 /* utils */,
				10B03FD61DF4858A0055DE8C /* Network */,
				101A56251DF24A6500646B6D /* Model */,
				101A56241DF24A6000646B6D /* View */,
				101A56231DF24A5800646B6D /* Controller */,
				101A56141DF24A3000646B6D /* MainInterface.storyboard */,
				101A56171DF24A3000646B6D /* Assets.xcassets */,
				109827821DF7163900D56002 /* starterWords.txt */,
				101A56191DF24A3000646B6D /* Info.plist */,
			);
			path = MessagesExtension;
			sourceTree = "<group>";
		};
		101A56231DF24A5800646B6D /* Controller */ = {
			isa = PBXGroup;
			children = (
				1064B0801E0C690E0065E6C4 /* GameOverView.swift */,
				101A56121DF24A3000646B6D /* MessagesViewController.swift */,
				101A56261DF24A7800646B6D /* ExpandedVC.swift */,
				10775F591DF8C41200B20B98 /* CompactVC.swift */,
			);
			name = Controller;
			sourceTree = "<group>";
		};
		101A56241DF24A6000646B6D /* View */ = {
			isa = PBXGroup;
			children = (
				109136381E01926800F6CDFC /* LetterButton.swift */,
				104E0B6D1E0AB5AD00391AA7 /* HelperButton.swift */,
				1064B07E1E0C62F70065E6C4 /* GameOver.xib */,
				108DEF651E1408DF00FFCC52 /* ColorGradient.swift */,
			);
			name = View;
			sourceTree = "<group>";
		};
		101A56251DF24A6500646B6D /* Model */ = {
			isa = PBXGroup;
			children = (
				10B03FD71DF4859C0055DE8C /* WordsAPI.swift */,
				106A21F11DF621D000904258 /* Word.swift */,
				108043FB1DF9BC91009220AD /* Game.swift */,
				103DF2991DFDA94B00372998 /* Player.swift */,
			);
			name = Model;
			sourceTree = "<group>";
		};
		10775F5B1DF8C4BF00B20B98 /* utils */ = {
			isa = PBXGroup;
			children = (
				10775F5C1DF8C4CD00B20B98 /* Protocols.swift */,
				10836C6F1E156CBF00517D2A /* utils.swift */,
			);
			name = utils;
			sourceTree = "<group>";
		};
		10B03FD61DF4858A0055DE8C /* Network */ = {
			isa = PBXGroup;
			children = (
				1098277E1DF6FEDA00D56002 /* NetworkRequest.swift */,
			);
			name = Network;
			sourceTree = "<group>";
		};
/* End PBXGroup section */

/* Begin PBXNativeTarget section */
		101A55FF1DF24A2F00646B6D /* Swapr */ = {
			isa = PBXNativeTarget;
			buildConfigurationList = 101A56201DF24A3000646B6D /* Build configuration list for PBXNativeTarget "Swapr" */;
			buildPhases = (
				101A55FE1DF24A2F00646B6D /* Resources */,
				101A561F1DF24A3000646B6D /* Embed App Extensions */,
			);
			buildRules = (
			);
			dependencies = (
				101A560D1DF24A3000646B6D /* PBXTargetDependency */,
			);
			name = Swapr;
			productName = Swapr;
			productReference = 101A56001DF24A3000646B6D /* Swapr.app */;
			productType = "com.apple.product-type.application.messages";
		};
		101A56091DF24A3000646B6D /* MessagesExtension */ = {
			isa = PBXNativeTarget;
			buildConfigurationList = 101A561C1DF24A3000646B6D /* Build configuration list for PBXNativeTarget "MessagesExtension" */;
			buildPhases = (
				101A56061DF24A3000646B6D /* Sources */,
				101A56071DF24A3000646B6D /* Frameworks */,
				101A56081DF24A3000646B6D /* Resources */,
			);
			buildRules = (
			);
			dependencies = (
			);
			name = MessagesExtension;
			productName = MessagesExtension;
			productReference = 101A560A1DF24A3000646B6D /* MessagesExtension.appex */;
			productType = "com.apple.product-type.app-extension.messages";
		};
/* End PBXNativeTarget section */

/* Begin PBXProject section */
		101A55FA1DF24A2F00646B6D /* Project object */ = {
			isa = PBXProject;
			attributes = {
				LastSwiftUpdateCheck = 0810;
				LastUpgradeCheck = 0820;
				ORGANIZATIONNAME = "Drew Lanning";
				TargetAttributes = {
					101A55FF1DF24A2F00646B6D = {
						CreatedOnToolsVersion = 8.1;
						DevelopmentTeam = TFEDY5M56J;
						ProvisioningStyle = Automatic;
					};
					101A56091DF24A3000646B6D = {
						CreatedOnToolsVersion = 8.1;
						DevelopmentTeam = TFEDY5M56J;
						ProvisioningStyle = Automatic;
					};
				};
			};
			buildConfigurationList = 101A55FD1DF24A2F00646B6D /* Build configuration list for PBXProject "Swapr" */;
			compatibilityVersion = "Xcode 3.2";
			developmentRegion = English;
			hasScannedForEncodings = 0;
			knownRegions = (
				en,
				Base,
			);
			mainGroup = 101A55F91DF24A2F00646B6D;
			productRefGroup = 101A56011DF24A3000646B6D /* Products */;
			projectDirPath = "";
			projectRoot = "";
			targets = (
				101A55FF1DF24A2F00646B6D /* Swapr */,
				101A56091DF24A3000646B6D /* MessagesExtension */,
			);
		};
/* End PBXProject section */

/* Begin PBXResourcesBuildPhase section */
		101A55FE1DF24A2F00646B6D /* Resources */ = {
			isa = PBXResourcesBuildPhase;
			buildActionMask = 2147483647;
			files = (
				101A56041DF24A3000646B6D /* Assets.xcassets in Resources */,
			);
			runOnlyForDeploymentPostprocessing = 0;
		};
		101A56081DF24A3000646B6D /* Resources */ = {
			isa = PBXResourcesBuildPhase;
			buildActionMask = 2147483647;
			files = (
				101A56181DF24A3000646B6D /* Assets.xcassets in Resources */,
				101A56161DF24A3000646B6D /* MainInterface.storyboard in Resources */,
				109827831DF7163900D56002 /* starterWords.txt in Resources */,
				1064B07F1E0C62F70065E6C4 /* GameOver.xib in Resources */,
			);
			runOnlyForDeploymentPostprocessing = 0;
		};
/* End PBXResourcesBuildPhase section */

/* Begin PBXSourcesBuildPhase section */
		101A56061DF24A3000646B6D /* Sources */ = {
			isa = PBXSourcesBuildPhase;
			buildActionMask = 2147483647;
			files = (
				10B03FD81DF4859C0055DE8C /* WordsAPI.swift in Sources */,
				10836C701E156CBF00517D2A /* utils.swift in Sources */,
				106A21F21DF621D000904258 /* Word.swift in Sources */,
				10775F5D1DF8C4CD00B20B98 /* Protocols.swift in Sources */,
				101A56131DF24A3000646B6D /* MessagesViewController.swift in Sources */,
				101A56271DF24A7800646B6D /* ExpandedVC.swift in Sources */,
				10775F5A1DF8C41200B20B98 /* CompactVC.swift in Sources */,
				1098277F1DF6FEDA00D56002 /* NetworkRequest.swift in Sources */,
				104E0B6E1E0AB5AD00391AA7 /* HelperButton.swift in Sources */,
				108DEF661E1408DF00FFCC52 /* ColorGradient.swift in Sources */,
				109136391E01926800F6CDFC /* LetterButton.swift in Sources */,
				103DF29A1DFDA94B00372998 /* Player.swift in Sources */,
				1064B0811E0C690E0065E6C4 /* GameOverView.swift in Sources */,
				108043FC1DF9BC91009220AD /* Game.swift in Sources */,
			);
			runOnlyForDeploymentPostprocessing = 0;
		};
/* End PBXSourcesBuildPhase section */

/* Begin PBXTargetDependency section */
		101A560D1DF24A3000646B6D /* PBXTargetDependency */ = {
			isa = PBXTargetDependency;
			target = 101A56091DF24A3000646B6D /* MessagesExtension */;
			targetProxy = 101A560C1DF24A3000646B6D /* PBXContainerItemProxy */;
		};
/* End PBXTargetDependency section */

/* Begin PBXVariantGroup section */
		101A56141DF24A3000646B6D /* MainInterface.storyboard */ = {
			isa = PBXVariantGroup;
			children = (
				101A56151DF24A3000646B6D /* Base */,
			);
			name = MainInterface.storyboard;
			sourceTree = "<group>";
		};
/* End PBXVariantGroup section */

/* Begin XCBuildConfiguration section */
		101A561A1DF24A3000646B6D /* Debug */ = {
			isa = XCBuildConfiguration;
			buildSettings = {
				ALWAYS_SEARCH_USER_PATHS = NO;
				CLANG_ANALYZER_NONNULL = YES;
				CLANG_CXX_LANGUAGE_STANDARD = "gnu++0x";
				CLANG_CXX_LIBRARY = "libc++";
				CLANG_ENABLE_MODULES = YES;
				CLANG_ENABLE_OBJC_ARC = YES;
				CLANG_WARN_BOOL_CONVERSION = YES;
				CLANG_WARN_CONSTANT_CONVERSION = YES;
				CLANG_WARN_DIRECT_OBJC_ISA_USAGE = YES_ERROR;
				CLANG_WARN_DOCUMENTATION_COMMENTS = YES;
				CLANG_WARN_EMPTY_BODY = YES;
				CLANG_WARN_ENUM_CONVERSION = YES;
				CLANG_WARN_INFINITE_RECURSION = YES;
				CLANG_WARN_INT_CONVERSION = YES;
				CLANG_WARN_OBJC_ROOT_CLASS = YES_ERROR;
				CLANG_WARN_SUSPICIOUS_MOVE = YES;
				CLANG_WARN_SUSPICIOUS_MOVES = YES;
				CLANG_WARN_UNREACHABLE_CODE = YES;
				CLANG_WARN__DUPLICATE_METHOD_MATCH = YES;
				"CODE_SIGN_IDENTITY[sdk=iphoneos*]" = "iPhone Developer";
				COPY_PHASE_STRIP = NO;
				DEBUG_INFORMATION_FORMAT = dwarf;
				ENABLE_STRICT_OBJC_MSGSEND = YES;
				ENABLE_TESTABILITY = YES;
				GCC_C_LANGUAGE_STANDARD = gnu99;
				GCC_DYNAMIC_NO_PIC = NO;
				GCC_NO_COMMON_BLOCKS = YES;
				GCC_OPTIMIZATION_LEVEL = 0;
				GCC_PREPROCESSOR_DEFINITIONS = (
					"DEBUG=1",
					"$(inherited)",
				);
				GCC_WARN_64_TO_32_BIT_CONVERSION = YES;
				GCC_WARN_ABOUT_RETURN_TYPE = YES_ERROR;
				GCC_WARN_UNDECLARED_SELECTOR = YES;
				GCC_WARN_UNINITIALIZED_AUTOS = YES_AGGRESSIVE;
				GCC_WARN_UNUSED_FUNCTION = YES;
				GCC_WARN_UNUSED_VARIABLE = YES;
				IPHONEOS_DEPLOYMENT_TARGET = 10.1;
				MTL_ENABLE_DEBUG_INFO = YES;
				ONLY_ACTIVE_ARCH = YES;
				SDKROOT = iphoneos;
				SWIFT_ACTIVE_COMPILATION_CONDITIONS = DEBUG;
				SWIFT_OPTIMIZATION_LEVEL = "-Onone";
				TARGETED_DEVICE_FAMILY = "1,2";
			};
			name = Debug;
		};
		101A561B1DF24A3000646B6D /* Release */ = {
			isa = XCBuildConfiguration;
			buildSettings = {
				ALWAYS_SEARCH_USER_PATHS = NO;
				CLANG_ANALYZER_NONNULL = YES;
				CLANG_CXX_LANGUAGE_STANDARD = "gnu++0x";
				CLANG_CXX_LIBRARY = "libc++";
				CLANG_ENABLE_MODULES = YES;
				CLANG_ENABLE_OBJC_ARC = YES;
				CLANG_WARN_BOOL_CONVERSION = YES;
				CLANG_WARN_CONSTANT_CONVERSION = YES;
				CLANG_WARN_DIRECT_OBJC_ISA_USAGE = YES_ERROR;
				CLANG_WARN_DOCUMENTATION_COMMENTS = YES;
				CLANG_WARN_EMPTY_BODY = YES;
				CLANG_WARN_ENUM_CONVERSION = YES;
				CLANG_WARN_INFINITE_RECURSION = YES;
				CLANG_WARN_INT_CONVERSION = YES;
				CLANG_WARN_OBJC_ROOT_CLASS = YES_ERROR;
				CLANG_WARN_SUSPICIOUS_MOVE = YES;
				CLANG_WARN_SUSPICIOUS_MOVES = YES;
				CLANG_WARN_UNREACHABLE_CODE = YES;
				CLANG_WARN__DUPLICATE_METHOD_MATCH = YES;
				"CODE_SIGN_IDENTITY[sdk=iphoneos*]" = "iPhone Developer";
				COPY_PHASE_STRIP = NO;
				DEBUG_INFORMATION_FORMAT = "dwarf-with-dsym";
				ENABLE_NS_ASSERTIONS = NO;
				ENABLE_STRICT_OBJC_MSGSEND = YES;
				GCC_C_LANGUAGE_STANDARD = gnu99;
				GCC_NO_COMMON_BLOCKS = YES;
				GCC_WARN_64_TO_32_BIT_CONVERSION = YES;
				GCC_WARN_ABOUT_RETURN_TYPE = YES_ERROR;
				GCC_WARN_UNDECLARED_SELECTOR = YES;
				GCC_WARN_UNINITIALIZED_AUTOS = YES_AGGRESSIVE;
				GCC_WARN_UNUSED_FUNCTION = YES;
				GCC_WARN_UNUSED_VARIABLE = YES;
				IPHONEOS_DEPLOYMENT_TARGET = 10.1;
				MTL_ENABLE_DEBUG_INFO = NO;
				SDKROOT = iphoneos;
				SWIFT_OPTIMIZATION_LEVEL = "-Owholemodule";
				TARGETED_DEVICE_FAMILY = "1,2";
				VALIDATE_PRODUCT = YES;
			};
			name = Release;
		};
		101A561D1DF24A3000646B6D /* Debug */ = {
			isa = XCBuildConfiguration;
			buildSettings = {
				ASSETCATALOG_COMPILER_APPICON_NAME = "iMessage App Icon";
				DEVELOPMENT_TEAM = TFEDY5M56J;
				INFOPLIST_FILE = MessagesExtension/Info.plist;
				LD_RUNPATH_SEARCH_PATHS = "$(inherited) @executable_path/Frameworks @executable_path/../../Frameworks";
				PRODUCT_BUNDLE_IDENTIFIER = com.drewlanning.Swapr.MessagesExtension;
				PRODUCT_NAME = "$(TARGET_NAME)";
				SKIP_INSTALL = YES;
				SWIFT_VERSION = 3.0;
			};
			name = Debug;
		};
		101A561E1DF24A3000646B6D /* Release */ = {
			isa = XCBuildConfiguration;
			buildSettings = {
				ASSETCATALOG_COMPILER_APPICON_NAME = "iMessage App Icon";
				DEVELOPMENT_TEAM = TFEDY5M56J;
				INFOPLIST_FILE = MessagesExtension/Info.plist;
				LD_RUNPATH_SEARCH_PATHS = "$(inherited) @executable_path/Frameworks @executable_path/../../Frameworks";
				PRODUCT_BUNDLE_IDENTIFIER = com.drewlanning.Swapr.MessagesExtension;
				PRODUCT_NAME = "$(TARGET_NAME)";
				SKIP_INSTALL = YES;
				SWIFT_VERSION = 3.0;
			};
			name = Release;
		};
		101A56211DF24A3000646B6D /* Debug */ = {
			isa = XCBuildConfiguration;
			buildSettings = {
				ALWAYS_EMBED_SWIFT_STANDARD_LIBRARIES = YES;
				ASSETCATALOG_COMPILER_APPICON_NAME = AppIcon;
				DEVELOPMENT_TEAM = TFEDY5M56J;
				INFOPLIST_FILE = Swapr/Info.plist;
				PRODUCT_BUNDLE_IDENTIFIER = com.drewlanning.Swapr;
				PRODUCT_NAME = "$(TARGET_NAME)";
				SWIFT_VERSION = 3.0;
			};
			name = Debug;
		};
		101A56221DF24A3000646B6D /* Release */ = {
			isa = XCBuildConfiguration;
			buildSettings = {
				ALWAYS_EMBED_SWIFT_STANDARD_LIBRARIES = YES;
				ASSETCATALOG_COMPILER_APPICON_NAME = AppIcon;
				DEVELOPMENT_TEAM = TFEDY5M56J;
				INFOPLIST_FILE = Swapr/Info.plist;
				PRODUCT_BUNDLE_IDENTIFIER = com.drewlanning.Swapr;
				PRODUCT_NAME = "$(TARGET_NAME)";
				SWIFT_VERSION = 3.0;
			};
			name = Release;
		};
/* End XCBuildConfiguration section */

/* Begin XCConfigurationList section */
		101A55FD1DF24A2F00646B6D /* Build configuration list for PBXProject "Swapr" */ = {
			isa = XCConfigurationList;
			buildConfigurations = (
				101A561A1DF24A3000646B6D /* Debug */,
				101A561B1DF24A3000646B6D /* Release */,
			);
			defaultConfigurationIsVisible = 0;
			defaultConfigurationName = Release;
		};
		101A561C1DF24A3000646B6D /* Build configuration list for PBXNativeTarget "MessagesExtension" */ = {
			isa = XCConfigurationList;
			buildConfigurations = (
				101A561D1DF24A3000646B6D /* Debug */,
				101A561E1DF24A3000646B6D /* Release */,
			);
			defaultConfigurationIsVisible = 0;
			defaultConfigurationName = Release;
		};
		101A56201DF24A3000646B6D /* Build configuration list for PBXNativeTarget "Swapr" */ = {
			isa = XCConfigurationList;
			buildConfigurations = (
				101A56211DF24A3000646B6D /* Debug */,
				101A56221DF24A3000646B6D /* Release */,
			);
			defaultConfigurationIsVisible = 0;
			defaultConfigurationName = Release;
		};
/* End XCConfigurationList section */
	};
	rootObject = 101A55FA1DF24A2F00646B6D /* Project object */;
}
